
Microsoft Visual Studio Solution File, Format Version 12.00
# Visual Studio 2013
VisualStudioVersion = 12.0.31101.0
MinimumVisualStudioVersion = 10.0.40219.1
Project("{F184B08F-C81C-45F6-A57F-5ABD9991F28F}") = "Ck_P_AAT", "Ck_P_AAT\Ck_P_AAT.vbproj", "{21977A61-197A-4A97-8855-432D544DEAEB}"
EndProject
Global
	GlobalSection(SolutionConfigurationPlatforms) = preSolution
		Debug|Any CPU = Debug|Any CPU
		Release|Any CPU = Release|Any CPU
	EndGlobalSection
	GlobalSection(ProjectConfigurationPlatforms) = postSolution
		{21977A61-197A-4A97-8855-432D544DEAEB}.Debug|Any CPU.ActiveCfg = Debug|Any CPU
		{21977A61-197A-4A97-8855-432D544DEAEB}.Debug|Any CPU.Build.0 = Debug|Any CPU
		{21977A61-197A-4A97-8855-432D544DEAEB}.Release|Any CPU.ActiveCfg = Release|Any CPU
		{21977A61-197A-4A97-8855-432D544DEAEB}.Release|Any CPU.Build.0 = Release|Any CPU
	EndGlobalSection
	GlobalSection(SolutionProperties) = preSolution
		HideSolutionNode = FALSE
	EndGlobalSection
EndGlobal
